
Microsoft Visual Studio Solution File, Format Version 12.00
# Visual Studio Version 17
VisualStudioVersion = 17.4.33205.214
MinimumVisualStudioVersion = 10.0.40219.1
Project("{9A19103F-16F7-4668-BE54-9A1E7A4F7556}") = "Test_tools", "CryptoTools\Test_tools.csproj", "{4AE2F070-EBA2-40E3-8EFF-208B75B8E4F6}"
EndProject
Project("{9A19103F-16F7-4668-BE54-9A1E7A4F7556}") = "Crypto_Combine", "CryptoGamma\Crypto_Combine.csproj", "{902448FA-A162-4DBB-ADEA-BCCC09BB1550}"
EndProject
Global
	GlobalSection(SolutionConfigurationPlatforms) = preSolution
		Debug|Any CPU = Debug|Any CPU
		Release|Any CPU = Release|Any CPU
	EndGlobalSection
	GlobalSection(ProjectConfigurationPlatforms) = postSolution
		{4AE2F070-EBA2-40E3-8EFF-208B75B8E4F6}.Debug|Any CPU.ActiveCfg = Debug|Any CPU
		{4AE2F070-EBA2-40E3-8EFF-208B75B8E4F6}.Debug|Any CPU.Build.0 = Debug|Any CPU
		{4AE2F070-EBA2-40E3-8EFF-208B75B8E4F6}.Release|Any CPU.ActiveCfg = Release|Any CPU
		{4AE2F070-EBA2-40E3-8EFF-208B75B8E4F6}.Release|Any CPU.Build.0 = Release|Any CPU
		{902448FA-A162-4DBB-ADEA-BCCC09BB1550}.Debug|Any CPU.ActiveCfg = Debug|Any CPU
		{902448FA-A162-4DBB-ADEA-BCCC09BB1550}.Debug|Any CPU.Build.0 = Debug|Any CPU
		{902448FA-A162-4DBB-ADEA-BCCC09BB1550}.Release|Any CPU.ActiveCfg = Release|Any CPU
		{902448FA-A162-4DBB-ADEA-BCCC09BB1550}.Release|Any CPU.Build.0 = Release|Any CPU
	EndGlobalSection
	GlobalSection(SolutionProperties) = preSolution
		HideSolutionNode = FALSE
	EndGlobalSection
	GlobalSection(ExtensibilityGlobals) = postSolution
		SolutionGuid = {E9B907E5-ECC5-4ADE-9917-CDC4782E6EC1}
	EndGlobalSection
EndGlobal
